// !$*UTF8*$!
{
	archiveVersion = 1;
	classes = {
	};
	objectVersion = 46;
	objects = {

/* Begin PBXBuildFile section */
		145032C11D9AE0200013EBD6 /* AppDelegate.swift in Sources */ = {isa = PBXBuildFile; fileRef = 145032C01D9AE0200013EBD6 /* AppDelegate.swift */; };
		145032C31D9AE0200013EBD6 /* ViewController.swift in Sources */ = {isa = PBXBuildFile; fileRef = 145032C21D9AE0200013EBD6 /* ViewController.swift */; };
		145032C61D9AE0200013EBD6 /* Main.storyboard in Resources */ = {isa = PBXBuildFile; fileRef = 145032C41D9AE0200013EBD6 /* Main.storyboard */; };
		145032C81D9AE0200013EBD6 /* Assets.xcassets in Resources */ = {isa = PBXBuildFile; fileRef = 145032C71D9AE0200013EBD6 /* Assets.xcassets */; };
		145032CB1D9AE0200013EBD6 /* LaunchScreen.storyboard in Resources */ = {isa = PBXBuildFile; fileRef = 145032C91D9AE0200013EBD6 /* LaunchScreen.storyboard */; };
		145032D61D9AE0200013EBD6 /* RainwaveTests.swift in Sources */ = {isa = PBXBuildFile; fileRef = 145032D51D9AE0200013EBD6 /* RainwaveTests.swift */; };
		145032E11D9AE0200013EBD6 /* RainwaveUITests.swift in Sources */ = {isa = PBXBuildFile; fileRef = 145032E01D9AE0200013EBD6 /* RainwaveUITests.swift */; };
		145032EF1D9AE0770013EBD6 /* RainwaveLib.swift in Sources */ = {isa = PBXBuildFile; fileRef = 145032EE1D9AE0770013EBD6 /* RainwaveLib.swift */; };
		148223D81E41448B009123C7 /* Song.swift in Sources */ = {isa = PBXBuildFile; fileRef = 148223D71E41448A009123C7 /* Song.swift */; };
		149579AB1E43BAC800B2A7A3 /* Settings.bundle in Resources */ = {isa = PBXBuildFile; fileRef = 149579AA1E43BAC800B2A7A3 /* Settings.bundle */; };
		149579AD1E43BD2A00B2A7A3 /* User.swift in Sources */ = {isa = PBXBuildFile; fileRef = 149579AC1E43BD2A00B2A7A3 /* User.swift */; };
		14BE4C501E413197002B3D8B /* AVFoundation.framework in Frameworks */ = {isa = PBXBuildFile; fileRef = 14BE4C4F1E413197002B3D8B /* AVFoundation.framework */; };
		14BE4C521E413311002B3D8B /* MediaPlayer.framework in Frameworks */ = {isa = PBXBuildFile; fileRef = 14BE4C511E413311002B3D8B /* MediaPlayer.framework */; };
		14BE4C541E413440002B3D8B /* RadioPlayer.swift in Sources */ = {isa = PBXBuildFile; fileRef = 14BE4C531E413440002B3D8B /* RadioPlayer.swift */; };
		79B759678875AC17E12C86E9 /* Pods_Rainwave.framework in Frameworks */ = {isa = PBXBuildFile; fileRef = 580AEE264292FC98B15CD272 /* Pods_Rainwave.framework */; };
		B3C3E60FAF7148D28578DCEB /* Pods_RainwaveTests.framework in Frameworks */ = {isa = PBXBuildFile; fileRef = B1A19F8A80BD4D014D4BB949 /* Pods_RainwaveTests.framework */; };
		C3ED3CA3C6880F194EC05528 /* Pods_RainwaveUITests.framework in Frameworks */ = {isa = PBXBuildFile; fileRef = 15FF20C7EB7EFE166ADFAB77 /* Pods_RainwaveUITests.framework */; };
/* End PBXBuildFile section */

/* Begin PBXContainerItemProxy section */
		145032D21D9AE0200013EBD6 /* PBXContainerItemProxy */ = {
			isa = PBXContainerItemProxy;
			containerPortal = 145032B51D9AE0200013EBD6 /* Project object */;
			proxyType = 1;
			remoteGlobalIDString = 145032BC1D9AE0200013EBD6;
			remoteInfo = Rainwave;
		};
		145032DD1D9AE0200013EBD6 /* PBXContainerItemProxy */ = {
			isa = PBXContainerItemProxy;
			containerPortal = 145032B51D9AE0200013EBD6 /* Project object */;
			proxyType = 1;
			remoteGlobalIDString = 145032BC1D9AE0200013EBD6;
			remoteInfo = Rainwave;
		};
/* End PBXContainerItemProxy section */

/* Begin PBXFileReference section */
		053E098DFD00195705FA544F /* Pods-RainwaveUITests.release.xcconfig */ = {isa = PBXFileReference; includeInIndex = 1; lastKnownFileType = text.xcconfig; name = "Pods-RainwaveUITests.release.xcconfig"; path = "Pods/Target Support Files/Pods-RainwaveUITests/Pods-RainwaveUITests.release.xcconfig"; sourceTree = "<group>"; };
		145032BD1D9AE0200013EBD6 /* Rainwave.app */ = {isa = PBXFileReference; explicitFileType = wrapper.application; includeInIndex = 0; path = Rainwave.app; sourceTree = BUILT_PRODUCTS_DIR; };
		145032C01D9AE0200013EBD6 /* AppDelegate.swift */ = {isa = PBXFileReference; lastKnownFileType = sourcecode.swift; path = AppDelegate.swift; sourceTree = "<group>"; };
		145032C21D9AE0200013EBD6 /* ViewController.swift */ = {isa = PBXFileReference; lastKnownFileType = sourcecode.swift; path = ViewController.swift; sourceTree = "<group>"; };
		145032C51D9AE0200013EBD6 /* Base */ = {isa = PBXFileReference; lastKnownFileType = file.storyboard; name = Base; path = Base.lproj/Main.storyboard; sourceTree = "<group>"; };
		145032C71D9AE0200013EBD6 /* Assets.xcassets */ = {isa = PBXFileReference; lastKnownFileType = folder.assetcatalog; path = Assets.xcassets; sourceTree = "<group>"; };
		145032CA1D9AE0200013EBD6 /* Base */ = {isa = PBXFileReference; lastKnownFileType = file.storyboard; name = Base; path = Base.lproj/LaunchScreen.storyboard; sourceTree = "<group>"; };
		145032CC1D9AE0200013EBD6 /* Info.plist */ = {isa = PBXFileReference; lastKnownFileType = text.plist.xml; path = Info.plist; sourceTree = "<group>"; };
		145032D11D9AE0200013EBD6 /* RainwaveTests.xctest */ = {isa = PBXFileReference; explicitFileType = wrapper.cfbundle; includeInIndex = 0; path = RainwaveTests.xctest; sourceTree = BUILT_PRODUCTS_DIR; };
		145032D51D9AE0200013EBD6 /* RainwaveTests.swift */ = {isa = PBXFileReference; lastKnownFileType = sourcecode.swift; path = RainwaveTests.swift; sourceTree = "<group>"; };
		145032D71D9AE0200013EBD6 /* Info.plist */ = {isa = PBXFileReference; lastKnownFileType = text.plist.xml; path = Info.plist; sourceTree = "<group>"; };
		145032DC1D9AE0200013EBD6 /* RainwaveUITests.xctest */ = {isa = PBXFileReference; explicitFileType = wrapper.cfbundle; includeInIndex = 0; path = RainwaveUITests.xctest; sourceTree = BUILT_PRODUCTS_DIR; };
		145032E01D9AE0200013EBD6 /* RainwaveUITests.swift */ = {isa = PBXFileReference; lastKnownFileType = sourcecode.swift; path = RainwaveUITests.swift; sourceTree = "<group>"; };
		145032E21D9AE0200013EBD6 /* Info.plist */ = {isa = PBXFileReference; lastKnownFileType = text.plist.xml; path = Info.plist; sourceTree = "<group>"; };
		145032EE1D9AE0770013EBD6 /* RainwaveLib.swift */ = {isa = PBXFileReference; fileEncoding = 4; lastKnownFileType = sourcecode.swift; path = RainwaveLib.swift; sourceTree = "<group>"; };
		148223D71E41448A009123C7 /* Song.swift */ = {isa = PBXFileReference; fileEncoding = 4; lastKnownFileType = sourcecode.swift; path = Song.swift; sourceTree = "<group>"; };
		149579AA1E43BAC800B2A7A3 /* Settings.bundle */ = {isa = PBXFileReference; lastKnownFileType = "wrapper.plug-in"; path = Settings.bundle; sourceTree = "<group>"; };
		149579AC1E43BD2A00B2A7A3 /* User.swift */ = {isa = PBXFileReference; fileEncoding = 4; lastKnownFileType = sourcecode.swift; path = User.swift; sourceTree = "<group>"; };
		14BE4C4F1E413197002B3D8B /* AVFoundation.framework */ = {isa = PBXFileReference; lastKnownFileType = wrapper.framework; name = AVFoundation.framework; path = System/Library/Frameworks/AVFoundation.framework; sourceTree = SDKROOT; };
		14BE4C511E413311002B3D8B /* MediaPlayer.framework */ = {isa = PBXFileReference; lastKnownFileType = wrapper.framework; name = MediaPlayer.framework; path = System/Library/Frameworks/MediaPlayer.framework; sourceTree = SDKROOT; };
		14BE4C531E413440002B3D8B /* RadioPlayer.swift */ = {isa = PBXFileReference; fileEncoding = 4; lastKnownFileType = sourcecode.swift; path = RadioPlayer.swift; sourceTree = "<group>"; };
		15FF20C7EB7EFE166ADFAB77 /* Pods_RainwaveUITests.framework */ = {isa = PBXFileReference; explicitFileType = wrapper.framework; includeInIndex = 0; path = Pods_RainwaveUITests.framework; sourceTree = BUILT_PRODUCTS_DIR; };
		219BC68B6A1BD0E59EBC56C7 /* Pods-Rainwave.release.xcconfig */ = {isa = PBXFileReference; includeInIndex = 1; lastKnownFileType = text.xcconfig; name = "Pods-Rainwave.release.xcconfig"; path = "Pods/Target Support Files/Pods-Rainwave/Pods-Rainwave.release.xcconfig"; sourceTree = "<group>"; };
		47F6DD4219ADD71E3293B80D /* Pods-Rainwave.debug.xcconfig */ = {isa = PBXFileReference; includeInIndex = 1; lastKnownFileType = text.xcconfig; name = "Pods-Rainwave.debug.xcconfig"; path = "Pods/Target Support Files/Pods-Rainwave/Pods-Rainwave.debug.xcconfig"; sourceTree = "<group>"; };
		580AEE264292FC98B15CD272 /* Pods_Rainwave.framework */ = {isa = PBXFileReference; explicitFileType = wrapper.framework; includeInIndex = 0; path = Pods_Rainwave.framework; sourceTree = BUILT_PRODUCTS_DIR; };
		6661D42CF24DABCC24336098 /* Pods-RainwaveUITests.debug.xcconfig */ = {isa = PBXFileReference; includeInIndex = 1; lastKnownFileType = text.xcconfig; name = "Pods-RainwaveUITests.debug.xcconfig"; path = "Pods/Target Support Files/Pods-RainwaveUITests/Pods-RainwaveUITests.debug.xcconfig"; sourceTree = "<group>"; };
		B1A19F8A80BD4D014D4BB949 /* Pods_RainwaveTests.framework */ = {isa = PBXFileReference; explicitFileType = wrapper.framework; includeInIndex = 0; path = Pods_RainwaveTests.framework; sourceTree = BUILT_PRODUCTS_DIR; };
		D014EDE3A34384FC0BFF987D /* Pods-RainwaveTests.release.xcconfig */ = {isa = PBXFileReference; includeInIndex = 1; lastKnownFileType = text.xcconfig; name = "Pods-RainwaveTests.release.xcconfig"; path = "Pods/Target Support Files/Pods-RainwaveTests/Pods-RainwaveTests.release.xcconfig"; sourceTree = "<group>"; };
		E258BD0518A01CF88F9F2FCF /* Pods-RainwaveTests.debug.xcconfig */ = {isa = PBXFileReference; includeInIndex = 1; lastKnownFileType = text.xcconfig; name = "Pods-RainwaveTests.debug.xcconfig"; path = "Pods/Target Support Files/Pods-RainwaveTests/Pods-RainwaveTests.debug.xcconfig"; sourceTree = "<group>"; };
/* End PBXFileReference section */

/* Begin PBXFrameworksBuildPhase section */
		145032BA1D9AE0200013EBD6 /* Frameworks */ = {
			isa = PBXFrameworksBuildPhase;
			buildActionMask = 2147483647;
			files = (
				14BE4C521E413311002B3D8B /* MediaPlayer.framework in Frameworks */,
				14BE4C501E413197002B3D8B /* AVFoundation.framework in Frameworks */,
				79B759678875AC17E12C86E9 /* Pods_Rainwave.framework in Frameworks */,
			);
			runOnlyForDeploymentPostprocessing = 0;
		};
		145032CE1D9AE0200013EBD6 /* Frameworks */ = {
			isa = PBXFrameworksBuildPhase;
			buildActionMask = 2147483647;
			files = (
				B3C3E60FAF7148D28578DCEB /* Pods_RainwaveTests.framework in Frameworks */,
			);
			runOnlyForDeploymentPostprocessing = 0;
		};
		145032D91D9AE0200013EBD6 /* Frameworks */ = {
			isa = PBXFrameworksBuildPhase;
			buildActionMask = 2147483647;
			files = (
				C3ED3CA3C6880F194EC05528 /* Pods_RainwaveUITests.framework in Frameworks */,
			);
			runOnlyForDeploymentPostprocessing = 0;
		};
/* End PBXFrameworksBuildPhase section */

/* Begin PBXGroup section */
		145032B41D9AE0200013EBD6 = {
			isa = PBXGroup;
			children = (
				145032BF1D9AE0200013EBD6 /* Rainwave */,
				145032D41D9AE0200013EBD6 /* RainwaveTests */,
				145032DF1D9AE0200013EBD6 /* RainwaveUITests */,
				145032BE1D9AE0200013EBD6 /* Products */,
				179633B7D867EB7FFC7FFDF5 /* Pods */,
				69E955DBEC1570A75D007E7F /* Frameworks */,
			);
			sourceTree = "<group>";
		};
		145032BE1D9AE0200013EBD6 /* Products */ = {
			isa = PBXGroup;
			children = (
				145032BD1D9AE0200013EBD6 /* Rainwave.app */,
				145032D11D9AE0200013EBD6 /* RainwaveTests.xctest */,
				145032DC1D9AE0200013EBD6 /* RainwaveUITests.xctest */,
			);
			name = Products;
			sourceTree = "<group>";
		};
		145032BF1D9AE0200013EBD6 /* Rainwave */ = {
			isa = PBXGroup;
			children = (
				145032C01D9AE0200013EBD6 /* AppDelegate.swift */,
				145032C21D9AE0200013EBD6 /* ViewController.swift */,
				145032EE1D9AE0770013EBD6 /* RainwaveLib.swift */,
				145032C71D9AE0200013EBD6 /* Assets.xcassets */,
				145032C91D9AE0200013EBD6 /* LaunchScreen.storyboard */,
				145032C41D9AE0200013EBD6 /* Main.storyboard */,
				145032CC1D9AE0200013EBD6 /* Info.plist */,
				14BE4C531E413440002B3D8B /* RadioPlayer.swift */,
				148223D71E41448A009123C7 /* Song.swift */,
				149579AC1E43BD2A00B2A7A3 /* User.swift */,
				149579AA1E43BAC800B2A7A3 /* Settings.bundle */,
			);
			path = Rainwave;
			sourceTree = "<group>";
		};
		145032D41D9AE0200013EBD6 /* RainwaveTests */ = {
			isa = PBXGroup;
			children = (
				145032D51D9AE0200013EBD6 /* RainwaveTests.swift */,
				145032D71D9AE0200013EBD6 /* Info.plist */,
			);
			path = RainwaveTests;
			sourceTree = "<group>";
		};
		145032DF1D9AE0200013EBD6 /* RainwaveUITests */ = {
			isa = PBXGroup;
			children = (
				145032E01D9AE0200013EBD6 /* RainwaveUITests.swift */,
				145032E21D9AE0200013EBD6 /* Info.plist */,
			);
			path = RainwaveUITests;
			sourceTree = "<group>";
		};
		179633B7D867EB7FFC7FFDF5 /* Pods */ = {
			isa = PBXGroup;
			children = (
				47F6DD4219ADD71E3293B80D /* Pods-Rainwave.debug.xcconfig */,
				219BC68B6A1BD0E59EBC56C7 /* Pods-Rainwave.release.xcconfig */,
				E258BD0518A01CF88F9F2FCF /* Pods-RainwaveTests.debug.xcconfig */,
				D014EDE3A34384FC0BFF987D /* Pods-RainwaveTests.release.xcconfig */,
				6661D42CF24DABCC24336098 /* Pods-RainwaveUITests.debug.xcconfig */,
				053E098DFD00195705FA544F /* Pods-RainwaveUITests.release.xcconfig */,
			);
			name = Pods;
			sourceTree = "<group>";
		};
		69E955DBEC1570A75D007E7F /* Frameworks */ = {
			isa = PBXGroup;
			children = (
				14BE4C511E413311002B3D8B /* MediaPlayer.framework */,
				14BE4C4F1E413197002B3D8B /* AVFoundation.framework */,
				580AEE264292FC98B15CD272 /* Pods_Rainwave.framework */,
				B1A19F8A80BD4D014D4BB949 /* Pods_RainwaveTests.framework */,
				15FF20C7EB7EFE166ADFAB77 /* Pods_RainwaveUITests.framework */,
			);
			name = Frameworks;
			sourceTree = "<group>";
		};
/* End PBXGroup section */

/* Begin PBXNativeTarget section */
		145032BC1D9AE0200013EBD6 /* Rainwave */ = {
			isa = PBXNativeTarget;
			buildConfigurationList = 145032E51D9AE0200013EBD6 /* Build configuration list for PBXNativeTarget "Rainwave" */;
			buildPhases = (
				E89495B81537DD49D8DE9439 /* [CP] Check Pods Manifest.lock */,
				145032B91D9AE0200013EBD6 /* Sources */,
				145032BA1D9AE0200013EBD6 /* Frameworks */,
				145032BB1D9AE0200013EBD6 /* Resources */,
				58A2FD65E417E956A07D6872 /* [CP] Embed Pods Frameworks */,
				071E4B9F71DE3083B857CAEA /* [CP] Copy Pods Resources */,
			);
			buildRules = (
			);
			dependencies = (
			);
			name = Rainwave;
			productName = Rainwave;
			productReference = 145032BD1D9AE0200013EBD6 /* Rainwave.app */;
			productType = "com.apple.product-type.application";
		};
		145032D01D9AE0200013EBD6 /* RainwaveTests */ = {
			isa = PBXNativeTarget;
			buildConfigurationList = 145032E81D9AE0200013EBD6 /* Build configuration list for PBXNativeTarget "RainwaveTests" */;
			buildPhases = (
				74E489FAD35EE4B496CFFCFA /* [CP] Check Pods Manifest.lock */,
				145032CD1D9AE0200013EBD6 /* Sources */,
				145032CE1D9AE0200013EBD6 /* Frameworks */,
				145032CF1D9AE0200013EBD6 /* Resources */,
				1A9051571EA615D8B3E26845 /* [CP] Embed Pods Frameworks */,
				D6FF36F94E21CA9569EBB596 /* [CP] Copy Pods Resources */,
			);
			buildRules = (
			);
			dependencies = (
				145032D31D9AE0200013EBD6 /* PBXTargetDependency */,
			);
			name = RainwaveTests;
			productName = RainwaveTests;
			productReference = 145032D11D9AE0200013EBD6 /* RainwaveTests.xctest */;
			productType = "com.apple.product-type.bundle.unit-test";
		};
		145032DB1D9AE0200013EBD6 /* RainwaveUITests */ = {
			isa = PBXNativeTarget;
			buildConfigurationList = 145032EB1D9AE0200013EBD6 /* Build configuration list for PBXNativeTarget "RainwaveUITests" */;
			buildPhases = (
				5204EB114B8EA0982947A27A /* [CP] Check Pods Manifest.lock */,
				145032D81D9AE0200013EBD6 /* Sources */,
				145032D91D9AE0200013EBD6 /* Frameworks */,
				145032DA1D9AE0200013EBD6 /* Resources */,
				9E0D2DD9BC56E767EFB3294F /* [CP] Embed Pods Frameworks */,
				462D88E4D8DBD66F9A512B89 /* [CP] Copy Pods Resources */,
			);
			buildRules = (
			);
			dependencies = (
				145032DE1D9AE0200013EBD6 /* PBXTargetDependency */,
			);
			name = RainwaveUITests;
			productName = RainwaveUITests;
			productReference = 145032DC1D9AE0200013EBD6 /* RainwaveUITests.xctest */;
			productType = "com.apple.product-type.bundle.ui-testing";
		};
/* End PBXNativeTarget section */

/* Begin PBXProject section */
		145032B51D9AE0200013EBD6 /* Project object */ = {
			isa = PBXProject;
			attributes = {
				LastSwiftUpdateCheck = 0800;
				LastUpgradeCheck = 0820;
				ORGANIZATIONNAME = "Guus Beckett";
				TargetAttributes = {
					145032BC1D9AE0200013EBD6 = {
						CreatedOnToolsVersion = 8.0;
						DevelopmentTeam = ZP2LFA84SP;
						ProvisioningStyle = Automatic;
						SystemCapabilities = {
							com.apple.BackgroundModes = {
								enabled = 1;
							};
							com.apple.DataProtection = {
								enabled = 0;
							};
							com.apple.InterAppAudio = {
								enabled = 0;
							};
						};
					};
					145032D01D9AE0200013EBD6 = {
						CreatedOnToolsVersion = 8.0;
						DevelopmentTeam = ZP2LFA84SP;
						ProvisioningStyle = Automatic;
						TestTargetID = 145032BC1D9AE0200013EBD6;
					};
					145032DB1D9AE0200013EBD6 = {
						CreatedOnToolsVersion = 8.0;
						DevelopmentTeam = ZP2LFA84SP;
						ProvisioningStyle = Automatic;
						TestTargetID = 145032BC1D9AE0200013EBD6;
					};
				};
			};
			buildConfigurationList = 145032B81D9AE0200013EBD6 /* Build configuration list for PBXProject "Rainwave" */;
			compatibilityVersion = "Xcode 3.2";
			developmentRegion = English;
			hasScannedForEncodings = 0;
			knownRegions = (
				en,
				Base,
			);
			mainGroup = 145032B41D9AE0200013EBD6;
			productRefGroup = 145032BE1D9AE0200013EBD6 /* Products */;
			projectDirPath = "";
			projectRoot = "";
			targets = (
				145032BC1D9AE0200013EBD6 /* Rainwave */,
				145032D01D9AE0200013EBD6 /* RainwaveTests */,
				145032DB1D9AE0200013EBD6 /* RainwaveUITests */,
			);
		};
/* End PBXProject section */

/* Begin PBXResourcesBuildPhase section */
		145032BB1D9AE0200013EBD6 /* Resources */ = {
			isa = PBXResourcesBuildPhase;
			buildActionMask = 2147483647;
			files = (
				149579AB1E43BAC800B2A7A3 /* Settings.bundle in Resources */,
				145032CB1D9AE0200013EBD6 /* LaunchScreen.storyboard in Resources */,
				145032C81D9AE0200013EBD6 /* Assets.xcassets in Resources */,
				145032C61D9AE0200013EBD6 /* Main.storyboard in Resources */,
			);
			runOnlyForDeploymentPostprocessing = 0;
		};
		145032CF1D9AE0200013EBD6 /* Resources */ = {
			isa = PBXResourcesBuildPhase;
			buildActionMask = 2147483647;
			files = (
			);
			runOnlyForDeploymentPostprocessing = 0;
		};
		145032DA1D9AE0200013EBD6 /* Resources */ = {
			isa = PBXResourcesBuildPhase;
			buildActionMask = 2147483647;
			files = (
			);
			runOnlyForDeploymentPostprocessing = 0;
		};
/* End PBXResourcesBuildPhase section */

/* Begin PBXShellScriptBuildPhase section */
		071E4B9F71DE3083B857CAEA /* [CP] Copy Pods Resources */ = {
			isa = PBXShellScriptBuildPhase;
			buildActionMask = 2147483647;
			files = (
			);
			inputPaths = (
			);
			name = "[CP] Copy Pods Resources";
			outputPaths = (
			);
			runOnlyForDeploymentPostprocessing = 0;
			shellPath = /bin/sh;
			shellScript = "\"${SRCROOT}/Pods/Target Support Files/Pods-Rainwave/Pods-Rainwave-resources.sh\"\n";
			showEnvVarsInLog = 0;
		};
		1A9051571EA615D8B3E26845 /* [CP] Embed Pods Frameworks */ = {
			isa = PBXShellScriptBuildPhase;
			buildActionMask = 2147483647;
			files = (
			);
			inputPaths = (
			);
			name = "[CP] Embed Pods Frameworks";
			outputPaths = (
			);
			runOnlyForDeploymentPostprocessing = 0;
			shellPath = /bin/sh;
			shellScript = "\"${SRCROOT}/Pods/Target Support Files/Pods-RainwaveTests/Pods-RainwaveTests-frameworks.sh\"\n";
			showEnvVarsInLog = 0;
		};
		462D88E4D8DBD66F9A512B89 /* [CP] Copy Pods Resources */ = {
			isa = PBXShellScriptBuildPhase;
			buildActionMask = 2147483647;
			files = (
			);
			inputPaths = (
			);
			name = "[CP] Copy Pods Resources";
			outputPaths = (
			);
			runOnlyForDeploymentPostprocessing = 0;
			shellPath = /bin/sh;
			shellScript = "\"${SRCROOT}/Pods/Target Support Files/Pods-RainwaveUITests/Pods-RainwaveUITests-resources.sh\"\n";
			showEnvVarsInLog = 0;
		};
		5204EB114B8EA0982947A27A /* [CP] Check Pods Manifest.lock */ = {
			isa = PBXShellScriptBuildPhase;
			buildActionMask = 2147483647;
			files = (
			);
			inputPaths = (
			);
			name = "[CP] Check Pods Manifest.lock";
			outputPaths = (
			);
			runOnlyForDeploymentPostprocessing = 0;
			shellPath = /bin/sh;
			shellScript = "diff \"${PODS_ROOT}/../Podfile.lock\" \"${PODS_ROOT}/Manifest.lock\" > /dev/null\nif [ $? != 0 ] ; then\n    # print error to STDERR\n    echo \"error: The sandbox is not in sync with the Podfile.lock. Run 'pod install' or update your CocoaPods installation.\" >&2\n    exit 1\nfi\n";
			showEnvVarsInLog = 0;
		};
		58A2FD65E417E956A07D6872 /* [CP] Embed Pods Frameworks */ = {
			isa = PBXShellScriptBuildPhase;
			buildActionMask = 2147483647;
			files = (
			);
			inputPaths = (
			);
			name = "[CP] Embed Pods Frameworks";
			outputPaths = (
			);
			runOnlyForDeploymentPostprocessing = 0;
			shellPath = /bin/sh;
			shellScript = "\"${SRCROOT}/Pods/Target Support Files/Pods-Rainwave/Pods-Rainwave-frameworks.sh\"\n";
			showEnvVarsInLog = 0;
		};
		74E489FAD35EE4B496CFFCFA /* [CP] Check Pods Manifest.lock */ = {
			isa = PBXShellScriptBuildPhase;
			buildActionMask = 2147483647;
			files = (
			);
			inputPaths = (
			);
			name = "[CP] Check Pods Manifest.lock";
			outputPaths = (
			);
			runOnlyForDeploymentPostprocessing = 0;
			shellPath = /bin/sh;
			shellScript = "diff \"${PODS_ROOT}/../Podfile.lock\" \"${PODS_ROOT}/Manifest.lock\" > /dev/null\nif [ $? != 0 ] ; then\n    # print error to STDERR\n    echo \"error: The sandbox is not in sync with the Podfile.lock. Run 'pod install' or update your CocoaPods installation.\" >&2\n    exit 1\nfi\n";
			showEnvVarsInLog = 0;
		};
		9E0D2DD9BC56E767EFB3294F /* [CP] Embed Pods Frameworks */ = {
			isa = PBXShellScriptBuildPhase;
			buildActionMask = 2147483647;
			files = (
			);
			inputPaths = (
			);
			name = "[CP] Embed Pods Frameworks";
			outputPaths = (
			);
			runOnlyForDeploymentPostprocessing = 0;
			shellPath = /bin/sh;
			shellScript = "\"${SRCROOT}/Pods/Target Support Files/Pods-RainwaveUITests/Pods-RainwaveUITests-frameworks.sh\"\n";
			showEnvVarsInLog = 0;
		};
		D6FF36F94E21CA9569EBB596 /* [CP] Copy Pods Resources */ = {
			isa = PBXShellScriptBuildPhase;
			buildActionMask = 2147483647;
			files = (
			);
			inputPaths = (
			);
			name = "[CP] Copy Pods Resources";
			outputPaths = (
			);
			runOnlyForDeploymentPostprocessing = 0;
			shellPath = /bin/sh;
			shellScript = "\"${SRCROOT}/Pods/Target Support Files/Pods-RainwaveTests/Pods-RainwaveTests-resources.sh\"\n";
			showEnvVarsInLog = 0;
		};
		E89495B81537DD49D8DE9439 /* [CP] Check Pods Manifest.lock */ = {
			isa = PBXShellScriptBuildPhase;
			buildActionMask = 2147483647;
			files = (
			);
			inputPaths = (
			);
			name = "[CP] Check Pods Manifest.lock";
			outputPaths = (
			);
			runOnlyForDeploymentPostprocessing = 0;
			shellPath = /bin/sh;
			shellScript = "diff \"${PODS_ROOT}/../Podfile.lock\" \"${PODS_ROOT}/Manifest.lock\" > /dev/null\nif [ $? != 0 ] ; then\n    # print error to STDERR\n    echo \"error: The sandbox is not in sync with the Podfile.lock. Run 'pod install' or update your CocoaPods installation.\" >&2\n    exit 1\nfi\n";
			showEnvVarsInLog = 0;
		};
/* End PBXShellScriptBuildPhase section */

/* Begin PBXSourcesBuildPhase section */
		145032B91D9AE0200013EBD6 /* Sources */ = {
			isa = PBXSourcesBuildPhase;
			buildActionMask = 2147483647;
			files = (
				14BE4C541E413440002B3D8B /* RadioPlayer.swift in Sources */,
				145032EF1D9AE0770013EBD6 /* RainwaveLib.swift in Sources */,
				149579AD1E43BD2A00B2A7A3 /* User.swift in Sources */,
				145032C31D9AE0200013EBD6 /* ViewController.swift in Sources */,
				145032C11D9AE0200013EBD6 /* AppDelegate.swift in Sources */,
				148223D81E41448B009123C7 /* Song.swift in Sources */,
			);
			runOnlyForDeploymentPostprocessing = 0;
		};
		145032CD1D9AE0200013EBD6 /* Sources */ = {
			isa = PBXSourcesBuildPhase;
			buildActionMask = 2147483647;
			files = (
				145032D61D9AE0200013EBD6 /* RainwaveTests.swift in Sources */,
			);
			runOnlyForDeploymentPostprocessing = 0;
		};
		145032D81D9AE0200013EBD6 /* Sources */ = {
			isa = PBXSourcesBuildPhase;
			buildActionMask = 2147483647;
			files = (
				145032E11D9AE0200013EBD6 /* RainwaveUITests.swift in Sources */,
			);
			runOnlyForDeploymentPostprocessing = 0;
		};
/* End PBXSourcesBuildPhase section */

/* Begin PBXTargetDependency section */
		145032D31D9AE0200013EBD6 /* PBXTargetDependency */ = {
			isa = PBXTargetDependency;
			target = 145032BC1D9AE0200013EBD6 /* Rainwave */;
			targetProxy = 145032D21D9AE0200013EBD6 /* PBXContainerItemProxy */;
		};
		145032DE1D9AE0200013EBD6 /* PBXTargetDependency */ = {
			isa = PBXTargetDependency;
			target = 145032BC1D9AE0200013EBD6 /* Rainwave */;
			targetProxy = 145032DD1D9AE0200013EBD6 /* PBXContainerItemProxy */;
		};
/* End PBXTargetDependency section */

/* Begin PBXVariantGroup section */
		145032C41D9AE0200013EBD6 /* Main.storyboard */ = {
			isa = PBXVariantGroup;
			children = (
				145032C51D9AE0200013EBD6 /* Base */,
			);
			name = Main.storyboard;
			sourceTree = "<group>";
		};
		145032C91D9AE0200013EBD6 /* LaunchScreen.storyboard */ = {
			isa = PBXVariantGroup;
			children = (
				145032CA1D9AE0200013EBD6 /* Base */,
			);
			name = LaunchScreen.storyboard;
			sourceTree = "<group>";
		};
/* End PBXVariantGroup section */

/* Begin XCBuildConfiguration section */
		145032E31D9AE0200013EBD6 /* Debug */ = {
			isa = XCBuildConfiguration;
			buildSettings = {
				ALWAYS_SEARCH_USER_PATHS = NO;
				CLANG_ANALYZER_NONNULL = YES;
				CLANG_CXX_LANGUAGE_STANDARD = "gnu++0x";
				CLANG_CXX_LIBRARY = "libc++";
				CLANG_ENABLE_MODULES = YES;
				CLANG_ENABLE_OBJC_ARC = YES;
				CLANG_WARN_BOOL_CONVERSION = YES;
				CLANG_WARN_CONSTANT_CONVERSION = YES;
				CLANG_WARN_DIRECT_OBJC_ISA_USAGE = YES_ERROR;
				CLANG_WARN_DOCUMENTATION_COMMENTS = YES;
				CLANG_WARN_EMPTY_BODY = YES;
				CLANG_WARN_ENUM_CONVERSION = YES;
				CLANG_WARN_INFINITE_RECURSION = YES;
				CLANG_WARN_INT_CONVERSION = YES;
				CLANG_WARN_OBJC_ROOT_CLASS = YES_ERROR;
				CLANG_WARN_SUSPICIOUS_MOVE = YES;
				CLANG_WARN_SUSPICIOUS_MOVES = YES;
				CLANG_WARN_UNREACHABLE_CODE = YES;
				CLANG_WARN__DUPLICATE_METHOD_MATCH = YES;
				"CODE_SIGN_IDENTITY[sdk=iphoneos*]" = "iPhone Developer";
				COPY_PHASE_STRIP = NO;
				DEBUG_INFORMATION_FORMAT = dwarf;
				ENABLE_STRICT_OBJC_MSGSEND = YES;
				ENABLE_TESTABILITY = YES;
				GCC_C_LANGUAGE_STANDARD = gnu99;
				GCC_DYNAMIC_NO_PIC = NO;
				GCC_NO_COMMON_BLOCKS = YES;
				GCC_OPTIMIZATION_LEVEL = 0;
				GCC_PREPROCESSOR_DEFINITIONS = (
					"DEBUG=1",
					"$(inherited)",
				);
				GCC_WARN_64_TO_32_BIT_CONVERSION = YES;
				GCC_WARN_ABOUT_RETURN_TYPE = YES_ERROR;
				GCC_WARN_UNDECLARED_SELECTOR = YES;
				GCC_WARN_UNINITIALIZED_AUTOS = YES_AGGRESSIVE;
				GCC_WARN_UNUSED_FUNCTION = YES;
				GCC_WARN_UNUSED_VARIABLE = YES;
				IPHONEOS_DEPLOYMENT_TARGET = 10.0;
				MTL_ENABLE_DEBUG_INFO = YES;
				ONLY_ACTIVE_ARCH = YES;
				SDKROOT = iphoneos;
				SWIFT_ACTIVE_COMPILATION_CONDITIONS = DEBUG;
				SWIFT_OPTIMIZATION_LEVEL = "-Onone";
				TARGETED_DEVICE_FAMILY = "1,2";
			};
			name = Debug;
		};
		145032E41D9AE0200013EBD6 /* Release */ = {
			isa = XCBuildConfiguration;
			buildSettings = {
				ALWAYS_SEARCH_USER_PATHS = NO;
				CLANG_ANALYZER_NONNULL = YES;
				CLANG_CXX_LANGUAGE_STANDARD = "gnu++0x";
				CLANG_CXX_LIBRARY = "libc++";
				CLANG_ENABLE_MODULES = YES;
				CLANG_ENABLE_OBJC_ARC = YES;
				CLANG_WARN_BOOL_CONVERSION = YES;
				CLANG_WARN_CONSTANT_CONVERSION = YES;
				CLANG_WARN_DIRECT_OBJC_ISA_USAGE = YES_ERROR;
				CLANG_WARN_DOCUMENTATION_COMMENTS = YES;
				CLANG_WARN_EMPTY_BODY = YES;
				CLANG_WARN_ENUM_CONVERSION = YES;
				CLANG_WARN_INFINITE_RECURSION = YES;
				CLANG_WARN_INT_CONVERSION = YES;
				CLANG_WARN_OBJC_ROOT_CLASS = YES_ERROR;
				CLANG_WARN_SUSPICIOUS_MOVE = YES;
				CLANG_WARN_SUSPICIOUS_MOVES = YES;
				CLANG_WARN_UNREACHABLE_CODE = YES;
				CLANG_WARN__DUPLICATE_METHOD_MATCH = YES;
				"CODE_SIGN_IDENTITY[sdk=iphoneos*]" = "iPhone Developer";
				COPY_PHASE_STRIP = NO;
				DEBUG_INFORMATION_FORMAT = "dwarf-with-dsym";
				ENABLE_NS_ASSERTIONS = NO;
				ENABLE_STRICT_OBJC_MSGSEND = YES;
				GCC_C_LANGUAGE_STANDARD = gnu99;
				GCC_NO_COMMON_BLOCKS = YES;
				GCC_WARN_64_TO_32_BIT_CONVERSION = YES;
				GCC_WARN_ABOUT_RETURN_TYPE = YES_ERROR;
				GCC_WARN_UNDECLARED_SELECTOR = YES;
				GCC_WARN_UNINITIALIZED_AUTOS = YES_AGGRESSIVE;
				GCC_WARN_UNUSED_FUNCTION = YES;
				GCC_WARN_UNUSED_VARIABLE = YES;
				IPHONEOS_DEPLOYMENT_TARGET = 10.0;
				MTL_ENABLE_DEBUG_INFO = NO;
				SDKROOT = iphoneos;
				SWIFT_OPTIMIZATION_LEVEL = "-Owholemodule";
				TARGETED_DEVICE_FAMILY = "1,2";
				VALIDATE_PRODUCT = YES;
			};
			name = Release;
		};
		145032E61D9AE0200013EBD6 /* Debug */ = {
			isa = XCBuildConfiguration;
			baseConfigurationReference = 47F6DD4219ADD71E3293B80D /* Pods-Rainwave.debug.xcconfig */;
			buildSettings = {
				ALWAYS_EMBED_SWIFT_STANDARD_LIBRARIES = YES;
				ASSETCATALOG_COMPILER_APPICON_NAME = AppIcon;
				CODE_SIGN_IDENTITY = "iPhone Developer";
				"CODE_SIGN_IDENTITY[sdk=iphoneos*]" = "iPhone Developer";
				DEVELOPMENT_TEAM = ZP2LFA84SP;
				INFOPLIST_FILE = Rainwave/Info.plist;
				LD_RUNPATH_SEARCH_PATHS = "$(inherited) @executable_path/Frameworks";
				PRODUCT_BUNDLE_IDENTIFIER = nl.reupload.Rainwave;
				PRODUCT_NAME = "$(TARGET_NAME)";
				SWIFT_VERSION = 3.0;
			};
			name = Debug;
		};
		145032E71D9AE0200013EBD6 /* Release */ = {
			isa = XCBuildConfiguration;
			baseConfigurationReference = 219BC68B6A1BD0E59EBC56C7 /* Pods-Rainwave.release.xcconfig */;
			buildSettings = {
				ALWAYS_EMBED_SWIFT_STANDARD_LIBRARIES = YES;
				ASSETCATALOG_COMPILER_APPICON_NAME = AppIcon;
				CODE_SIGN_IDENTITY = "iPhone Developer";
				"CODE_SIGN_IDENTITY[sdk=iphoneos*]" = "iPhone Developer";
				DEVELOPMENT_TEAM = ZP2LFA84SP;
				INFOPLIST_FILE = Rainwave/Info.plist;
				LD_RUNPATH_SEARCH_PATHS = "$(inherited) @executable_path/Frameworks";
				PRODUCT_BUNDLE_IDENTIFIER = nl.reupload.Rainwave;
				PRODUCT_NAME = "$(TARGET_NAME)";
				SWIFT_VERSION = 3.0;
			};
			name = Release;
		};
		145032E91D9AE0200013EBD6 /* Debug */ = {
			isa = XCBuildConfiguration;
			baseConfigurationReference = E258BD0518A01CF88F9F2FCF /* Pods-RainwaveTests.debug.xcconfig */;
			buildSettings = {
				ALWAYS_EMBED_SWIFT_STANDARD_LIBRARIES = YES;
				BUNDLE_LOADER = "$(TEST_HOST)";
				DEVELOPMENT_TEAM = ZP2LFA84SP;
				INFOPLIST_FILE = RainwaveTests/Info.plist;
				LD_RUNPATH_SEARCH_PATHS = "$(inherited) @executable_path/Frameworks @loader_path/Frameworks";
				PRODUCT_BUNDLE_IDENTIFIER = nl.reupload.RainwaveTests;
				PRODUCT_NAME = "$(TARGET_NAME)";
				SWIFT_VERSION = 3.0;
				TEST_HOST = "$(BUILT_PRODUCTS_DIR)/Rainwave.app/Rainwave";
			};
			name = Debug;
		};
		145032EA1D9AE0200013EBD6 /* Release */ = {
			isa = XCBuildConfiguration;
			baseConfigurationReference = D014EDE3A34384FC0BFF987D /* Pods-RainwaveTests.release.xcconfig */;
			buildSettings = {
				ALWAYS_EMBED_SWIFT_STANDARD_LIBRARIES = YES;
				BUNDLE_LOADER = "$(TEST_HOST)";
				DEVELOPMENT_TEAM = ZP2LFA84SP;
				INFOPLIST_FILE = RainwaveTests/Info.plist;
				LD_RUNPATH_SEARCH_PATHS = "$(inherited) @executable_path/Frameworks @loader_path/Frameworks";
				PRODUCT_BUNDLE_IDENTIFIER = nl.reupload.RainwaveTests;
				PRODUCT_NAME = "$(TARGET_NAME)";
				SWIFT_VERSION = 3.0;
				TEST_HOST = "$(BUILT_PRODUCTS_DIR)/Rainwave.app/Rainwave";
			};
			name = Release;
		};
		145032EC1D9AE0200013EBD6 /* Debug */ = {
			isa = XCBuildConfiguration;
			baseConfigurationReference = 6661D42CF24DABCC24336098 /* Pods-RainwaveUITests.debug.xcconfig */;
			buildSettings = {
				ALWAYS_EMBED_SWIFT_STANDARD_LIBRARIES = YES;
				DEVELOPMENT_TEAM = ZP2LFA84SP;
				INFOPLIST_FILE = RainwaveUITests/Info.plist;
				LD_RUNPATH_SEARCH_PATHS = "$(inherited) @executable_path/Frameworks @loader_path/Frameworks";
				PRODUCT_BUNDLE_IDENTIFIER = nl.reupload.RainwaveUITests;
				PRODUCT_NAME = "$(TARGET_NAME)";
				SWIFT_VERSION = 3.0;
				TEST_TARGET_NAME = Rainwave;
			};
			name = Debug;
		};
		145032ED1D9AE0200013EBD6 /* Release */ = {
			isa = XCBuildConfiguration;
			baseConfigurationReference = 053E098DFD00195705FA544F /* Pods-RainwaveUITests.release.xcconfig */;
			buildSettings = {
				ALWAYS_EMBED_SWIFT_STANDARD_LIBRARIES = YES;
				DEVELOPMENT_TEAM = ZP2LFA84SP;
				INFOPLIST_FILE = RainwaveUITests/Info.plist;
				LD_RUNPATH_SEARCH_PATHS = "$(inherited) @executable_path/Frameworks @loader_path/Frameworks";
				PRODUCT_BUNDLE_IDENTIFIER = nl.reupload.RainwaveUITests;
				PRODUCT_NAME = "$(TARGET_NAME)";
				SWIFT_VERSION = 3.0;
				TEST_TARGET_NAME = Rainwave;
			};
			name = Release;
		};
/* End XCBuildConfiguration section */

/* Begin XCConfigurationList section */
		145032B81D9AE0200013EBD6 /* Build configuration list for PBXProject "Rainwave" */ = {
			isa = XCConfigurationList;
			buildConfigurations = (
				145032E31D9AE0200013EBD6 /* Debug */,
				145032E41D9AE0200013EBD6 /* Release */,
			);
			defaultConfigurationIsVisible = 0;
			defaultConfigurationName = Release;
		};
		145032E51D9AE0200013EBD6 /* Build configuration list for PBXNativeTarget "Rainwave" */ = {
			isa = XCConfigurationList;
			buildConfigurations = (
				145032E61D9AE0200013EBD6 /* Debug */,
				145032E71D9AE0200013EBD6 /* Release */,
			);
			defaultConfigurationIsVisible = 0;
			defaultConfigurationName = Release;
		};
		145032E81D9AE0200013EBD6 /* Build configuration list for PBXNativeTarget "RainwaveTests" */ = {
			isa = XCConfigurationList;
			buildConfigurations = (
				145032E91D9AE0200013EBD6 /* Debug */,
				145032EA1D9AE0200013EBD6 /* Release */,
			);
			defaultConfigurationIsVisible = 0;
			defaultConfigurationName = Release;
		};
		145032EB1D9AE0200013EBD6 /* Build configuration list for PBXNativeTarget "RainwaveUITests" */ = {
			isa = XCConfigurationList;
			buildConfigurations = (
				145032EC1D9AE0200013EBD6 /* Debug */,
				145032ED1D9AE0200013EBD6 /* Release */,
			);
			defaultConfigurationIsVisible = 0;
			defaultConfigurationName = Release;
		};
/* End XCConfigurationList section */
	};
	rootObject = 145032B51D9AE0200013EBD6 /* Project object */;
}
